
Microsoft Visual Studio Solution File, Format Version 12.00
Project("{FAE04EC0-301F-11D3-BF4B-00C04F79EFBC}") = "RayTracing", "RayTracing\RayTracing.csproj", "{311B3916-9833-4704-A58D-3DBABD7DFD89}"
EndProject
Global
	GlobalSection(SolutionConfigurationPlatforms) = preSolution
		Debug|Any CPU = Debug|Any CPU
		Release|Any CPU = Release|Any CPU
	EndGlobalSection
	GlobalSection(ProjectConfigurationPlatforms) = postSolution
		{311B3916-9833-4704-A58D-3DBABD7DFD89}.Debug|Any CPU.ActiveCfg = Debug|Any CPU
		{311B3916-9833-4704-A58D-3DBABD7DFD89}.Debug|Any CPU.Build.0 = Debug|Any CPU
		{311B3916-9833-4704-A58D-3DBABD7DFD89}.Release|Any CPU.ActiveCfg = Release|Any CPU
		{311B3916-9833-4704-A58D-3DBABD7DFD89}.Release|Any CPU.Build.0 = Release|Any CPU
	EndGlobalSection
EndGlobal
